
Microsoft Visual Studio Solution File, Format Version 12.00
# Visual Studio Version 17
VisualStudioVersion = 17.1.32328.378
MinimumVisualStudioVersion = 10.0.40219.1
Project("{2150E333-8FDC-42A3-9474-1A3956D46DE8}") = "src", "src", "{E5CA76F1-3864-4EA7-9BFC-3D32FE0D169A}"
EndProject
Project("{2150E333-8FDC-42A3-9474-1A3956D46DE8}") = "Tests", "Tests", "{89B26F07-2280-4A6B-9293-4E0C6EA6D0AE}"
EndProject
Project("{2150E333-8FDC-42A3-9474-1A3956D46DE8}") = "AppGateways", "AppGateways", "{89BBA498-8F1D-4B02-88D0-D708D83BB12C}"
EndProject
Project("{2150E333-8FDC-42A3-9474-1A3956D46DE8}") = "BuildingBlocks", "BuildingBlocks", "{7B4B32AF-CE48-4EA9-AB56-E53DF808EC94}"
EndProject
Project("{2150E333-8FDC-42A3-9474-1A3956D46DE8}") = "Clients", "Clients", "{A9F0A135-1F2E-4888-A9D4-9A65EC5BD1BA}"
EndProject
Project("{2150E333-8FDC-42A3-9474-1A3956D46DE8}") = "Services", "Services", "{A8B168E7-8980-4F9F-8525-22B769D0CBF0}"
EndProject
Project("{2150E333-8FDC-42A3-9474-1A3956D46DE8}") = "WebApiGateways", "WebApiGateways", "{FD5DD212-A128-4418-BA6C-7F7D7DC05422}"
EndProject
Project("{2150E333-8FDC-42A3-9474-1A3956D46DE8}") = "Consul", "Consul", "{FB2E739A-0A75-483D-BF06-F9FDD62718C7}"
EndProject
Project("{2150E333-8FDC-42A3-9474-1A3956D46DE8}") = "EventBus", "EventBus", "{7B358173-BF2F-4FF4-912D-BC6BDE8B5B1F}"
EndProject
Project("{2150E333-8FDC-42A3-9474-1A3956D46DE8}") = "AngularWebApp", "AngularWebApp", "{C99B07A3-C89B-48CD-8C2B-21FFEF2883E2}"
EndProject
Project("{2150E333-8FDC-42A3-9474-1A3956D46DE8}") = "IdentityService", "IdentityService", "{9F515166-2312-496B-8965-3F3AE50A755F}"
EndProject
Project("{2150E333-8FDC-42A3-9474-1A3956D46DE8}") = "PageService", "PageService", "{044DDA43-E9F3-4F41-8194-1DE15AA1468D}"
EndProject
Project("{2150E333-8FDC-42A3-9474-1A3956D46DE8}") = "FavoriteService", "FavoriteService", "{A5894155-2508-4BC6-8700-C4E13D8DE561}"
EndProject
Project("{9A19103F-16F7-4668-BE54-9A1E7A4F7556}") = "ConsulConfig", "src\BuildingBlocks\Consul\ConsulConfig\ConsulConfig.csproj", "{039DBF29-B740-4AE5-800C-4BBB62C3EE9A}"
EndProject
Project("{9A19103F-16F7-4668-BE54-9A1E7A4F7556}") = "EventBus.Base", "src\BuildingBlocks\EventBus\EventBus.Base\EventBus.Base.csproj", "{D304D889-E187-44C1-B801-C02D301DA53A}"
EndProject
Project("{9A19103F-16F7-4668-BE54-9A1E7A4F7556}") = "EventBus.Factory", "src\BuildingBlocks\EventBus\EventBus.Factory\EventBus.Factory.csproj", "{05BA124D-8E9C-45FB-9CA6-EAFFD2933B28}"
EndProject
Project("{9A19103F-16F7-4668-BE54-9A1E7A4F7556}") = "EventBus.RabbitMQ", "src\BuildingBlocks\EventBus\EventBus.RabbitMQ\EventBus.RabbitMQ.csproj", "{C8594498-51F0-45C9-BC5E-7291DC678882}"
EndProject
Project("{9A19103F-16F7-4668-BE54-9A1E7A4F7556}") = "Web.ApiGateway", "src\AppGateways\Web.ApiGateway\Web.ApiGateway.csproj", "{680A5FF1-022B-4772-84EA-2AA156137853}"
EndProject
Project("{2150E333-8FDC-42A3-9474-1A3956D46DE8}") = "Solution Items", "Solution Items", "{F287C031-4A54-4C52-B523-DCA9C103C088}"
	ProjectSection(SolutionItems) = preProject
		ServiceUrl.txt = ServiceUrl.txt
	EndProjectSection
EndProject
Project("{9A19103F-16F7-4668-BE54-9A1E7A4F7556}") = "FavoriteService", "src\Services\FavoriteService\FavoriteService\FavoriteService.csproj", "{E717EE47-2451-4D5F-9040-3F26DB29EFB7}"
EndProject
Project("{9A19103F-16F7-4668-BE54-9A1E7A4F7556}") = "IdentityService", "src\Services\IdentityService\IdentityService\IdentityService.csproj", "{A2A0118E-5E15-4AB4-BB6D-71EE18776038}"
EndProject
Project("{E53339B2-1760-4266-BCC7-CA923CBCF16C}") = "docker-compose", "docker-compose.dcproj", "{72A5B857-DD9E-405C-BE60-041D32A02ABF}"
EndProject
Project("{9A19103F-16F7-4668-BE54-9A1E7A4F7556}") = "Domain", "src\Services\PageService\Domain\Domain.csproj", "{2711B128-5272-4012-AF6C-CD901DEB15AB}"
EndProject
Project("{9A19103F-16F7-4668-BE54-9A1E7A4F7556}") = "Insfrastructure", "src\Services\PageService\Insfrastructure\Insfrastructure.csproj", "{E3A36290-55F9-4C54-B7D1-AD33222161D7}"
EndProject
Project("{9A19103F-16F7-4668-BE54-9A1E7A4F7556}") = "Application", "src\Services\PageService\Application\Application.csproj", "{A6BEABFF-BDC6-4076-AD30-7E0B913D78FD}"
EndProject
Project("{9A19103F-16F7-4668-BE54-9A1E7A4F7556}") = "PageService", "src\Services\PageService\PageService\PageService.csproj", "{39C6A0F8-524F-4664-8110-4721E8D6DC01}"
EndProject
Project("{2150E333-8FDC-42A3-9474-1A3956D46DE8}") = "SiteMapService", "SiteMapService", "{FA09737D-7385-42C8-B1E6-F1EBF29AB717}"
EndProject
Project("{9A19103F-16F7-4668-BE54-9A1E7A4F7556}") = "SiteMapService", "src\Services\SiteMapService\SiteMapService\SiteMapService.csproj", "{94B8E496-2310-41CB-9A59-2CBCFFC32D7D}"
EndProject
Project("{2150E333-8FDC-42A3-9474-1A3956D46DE8}") = "SwaggerEx", "SwaggerEx", "{B568E46D-6ADF-469D-8542-8B8CD126B9A6}"
EndProject
Project("{2150E333-8FDC-42A3-9474-1A3956D46DE8}") = "IdentityEx", "IdentityEx", "{89EE5CCA-DF8A-4838-B005-FF0F6DBFD7B3}"
EndProject
Project("{9A19103F-16F7-4668-BE54-9A1E7A4F7556}") = "SwaggerEx", "src\BuildingBlocks\SwaggerEx\SwaggerEx\SwaggerEx.csproj", "{36D578D9-0734-44D2-9562-91D754AE40EE}"
EndProject
Project("{9A19103F-16F7-4668-BE54-9A1E7A4F7556}") = "IdentityEx", "src\BuildingBlocks\IdentityEx\IdentityEx\IdentityEx.csproj", "{0B754C4E-591A-45A1-A8F5-2E071724448B}"
EndProject
Project("{2150E333-8FDC-42A3-9474-1A3956D46DE8}") = "Setup", "Setup", "{FAD4F1E0-4481-4047-87B0-102F2E86E8B1}"
EndProject
Project("{9A19103F-16F7-4668-BE54-9A1E7A4F7556}") = "Setup", "src\BuildingBlocks\Setup\Setup\Setup.csproj", "{9197E365-D726-4B76-8D4D-ABAB4F903E2E}"
EndProject
Project("{2150E333-8FDC-42A3-9474-1A3956D46DE8}") = "WebApp", "WebApp", "{67023EFD-6DEC-4E3C-BCAD-002B3C4366DF}"
EndProject
Project("{2150E333-8FDC-42A3-9474-1A3956D46DE8}") = "BuildingBlocks", "BuildingBlocks", "{E19BFC0D-DE5E-4791-BA7D-3B652A47E1F0}"
EndProject
Project("{FAE04EC0-301F-11D3-BF4B-00C04F79EFBC}") = "EventBusUnitTest", "..\EventBusUnitTest\EventBusUnitTest.csproj", "{0C688CC4-D33D-4111-A0FF-BA58EB03B597}"
EndProject
Global
	GlobalSection(SolutionConfigurationPlatforms) = preSolution
		Debug|Any CPU = Debug|Any CPU
		Release|Any CPU = Release|Any CPU
	EndGlobalSection
	GlobalSection(ProjectConfigurationPlatforms) = postSolution
		{039DBF29-B740-4AE5-800C-4BBB62C3EE9A}.Debug|Any CPU.ActiveCfg = Debug|Any CPU
		{039DBF29-B740-4AE5-800C-4BBB62C3EE9A}.Debug|Any CPU.Build.0 = Debug|Any CPU
		{039DBF29-B740-4AE5-800C-4BBB62C3EE9A}.Release|Any CPU.ActiveCfg = Release|Any CPU
		{039DBF29-B740-4AE5-800C-4BBB62C3EE9A}.Release|Any CPU.Build.0 = Release|Any CPU
		{D304D889-E187-44C1-B801-C02D301DA53A}.Debug|Any CPU.ActiveCfg = Debug|Any CPU
		{D304D889-E187-44C1-B801-C02D301DA53A}.Debug|Any CPU.Build.0 = Debug|Any CPU
		{D304D889-E187-44C1-B801-C02D301DA53A}.Release|Any CPU.ActiveCfg = Release|Any CPU
		{D304D889-E187-44C1-B801-C02D301DA53A}.Release|Any CPU.Build.0 = Release|Any CPU
		{05BA124D-8E9C-45FB-9CA6-EAFFD2933B28}.Debug|Any CPU.ActiveCfg = Debug|Any CPU
		{05BA124D-8E9C-45FB-9CA6-EAFFD2933B28}.Debug|Any CPU.Build.0 = Debug|Any CPU
		{05BA124D-8E9C-45FB-9CA6-EAFFD2933B28}.Release|Any CPU.ActiveCfg = Release|Any CPU
		{05BA124D-8E9C-45FB-9CA6-EAFFD2933B28}.Release|Any CPU.Build.0 = Release|Any CPU
		{C8594498-51F0-45C9-BC5E-7291DC678882}.Debug|Any CPU.ActiveCfg = Debug|Any CPU
		{C8594498-51F0-45C9-BC5E-7291DC678882}.Debug|Any CPU.Build.0 = Debug|Any CPU
		{C8594498-51F0-45C9-BC5E-7291DC678882}.Release|Any CPU.ActiveCfg = Release|Any CPU
		{C8594498-51F0-45C9-BC5E-7291DC678882}.Release|Any CPU.Build.0 = Release|Any CPU
		{680A5FF1-022B-4772-84EA-2AA156137853}.Debug|Any CPU.ActiveCfg = Debug|Any CPU
		{680A5FF1-022B-4772-84EA-2AA156137853}.Debug|Any CPU.Build.0 = Debug|Any CPU
		{680A5FF1-022B-4772-84EA-2AA156137853}.Release|Any CPU.ActiveCfg = Release|Any CPU
		{680A5FF1-022B-4772-84EA-2AA156137853}.Release|Any CPU.Build.0 = Release|Any CPU
		{E717EE47-2451-4D5F-9040-3F26DB29EFB7}.Debug|Any CPU.ActiveCfg = Debug|Any CPU
		{E717EE47-2451-4D5F-9040-3F26DB29EFB7}.Debug|Any CPU.Build.0 = Debug|Any CPU
		{E717EE47-2451-4D5F-9040-3F26DB29EFB7}.Release|Any CPU.ActiveCfg = Release|Any CPU
		{E717EE47-2451-4D5F-9040-3F26DB29EFB7}.Release|Any CPU.Build.0 = Release|Any CPU
		{A2A0118E-5E15-4AB4-BB6D-71EE18776038}.Debug|Any CPU.ActiveCfg = Debug|Any CPU
		{A2A0118E-5E15-4AB4-BB6D-71EE18776038}.Debug|Any CPU.Build.0 = Debug|Any CPU
		{A2A0118E-5E15-4AB4-BB6D-71EE18776038}.Release|Any CPU.ActiveCfg = Release|Any CPU
		{A2A0118E-5E15-4AB4-BB6D-71EE18776038}.Release|Any CPU.Build.0 = Release|Any CPU
		{72A5B857-DD9E-405C-BE60-041D32A02ABF}.Debug|Any CPU.ActiveCfg = Debug|Any CPU
		{72A5B857-DD9E-405C-BE60-041D32A02ABF}.Debug|Any CPU.Build.0 = Debug|Any CPU
		{72A5B857-DD9E-405C-BE60-041D32A02ABF}.Release|Any CPU.ActiveCfg = Release|Any CPU
		{72A5B857-DD9E-405C-BE60-041D32A02ABF}.Release|Any CPU.Build.0 = Release|Any CPU
		{2711B128-5272-4012-AF6C-CD901DEB15AB}.Debug|Any CPU.ActiveCfg = Debug|Any CPU
		{2711B128-5272-4012-AF6C-CD901DEB15AB}.Debug|Any CPU.Build.0 = Debug|Any CPU
		{2711B128-5272-4012-AF6C-CD901DEB15AB}.Release|Any CPU.ActiveCfg = Release|Any CPU
		{2711B128-5272-4012-AF6C-CD901DEB15AB}.Release|Any CPU.Build.0 = Release|Any CPU
		{E3A36290-55F9-4C54-B7D1-AD33222161D7}.Debug|Any CPU.ActiveCfg = Debug|Any CPU
		{E3A36290-55F9-4C54-B7D1-AD33222161D7}.Debug|Any CPU.Build.0 = Debug|Any CPU
		{E3A36290-55F9-4C54-B7D1-AD33222161D7}.Release|Any CPU.ActiveCfg = Release|Any CPU
		{E3A36290-55F9-4C54-B7D1-AD33222161D7}.Release|Any CPU.Build.0 = Release|Any CPU
		{A6BEABFF-BDC6-4076-AD30-7E0B913D78FD}.Debug|Any CPU.ActiveCfg = Debug|Any CPU
		{A6BEABFF-BDC6-4076-AD30-7E0B913D78FD}.Debug|Any CPU.Build.0 = Debug|Any CPU
		{A6BEABFF-BDC6-4076-AD30-7E0B913D78FD}.Release|Any CPU.ActiveCfg = Release|Any CPU
		{A6BEABFF-BDC6-4076-AD30-7E0B913D78FD}.Release|Any CPU.Build.0 = Release|Any CPU
		{39C6A0F8-524F-4664-8110-4721E8D6DC01}.Debug|Any CPU.ActiveCfg = Debug|Any CPU
		{39C6A0F8-524F-4664-8110-4721E8D6DC01}.Debug|Any CPU.Build.0 = Debug|Any CPU
		{39C6A0F8-524F-4664-8110-4721E8D6DC01}.Release|Any CPU.ActiveCfg = Release|Any CPU
		{39C6A0F8-524F-4664-8110-4721E8D6DC01}.Release|Any CPU.Build.0 = Release|Any CPU
		{94B8E496-2310-41CB-9A59-2CBCFFC32D7D}.Debug|Any CPU.ActiveCfg = Debug|Any CPU
		{94B8E496-2310-41CB-9A59-2CBCFFC32D7D}.Debug|Any CPU.Build.0 = Debug|Any CPU
		{94B8E496-2310-41CB-9A59-2CBCFFC32D7D}.Release|Any CPU.ActiveCfg = Release|Any CPU
		{94B8E496-2310-41CB-9A59-2CBCFFC32D7D}.Release|Any CPU.Build.0 = Release|Any CPU
		{36D578D9-0734-44D2-9562-91D754AE40EE}.Debug|Any CPU.ActiveCfg = Debug|Any CPU
		{36D578D9-0734-44D2-9562-91D754AE40EE}.Debug|Any CPU.Build.0 = Debug|Any CPU
		{36D578D9-0734-44D2-9562-91D754AE40EE}.Release|Any CPU.ActiveCfg = Release|Any CPU
		{36D578D9-0734-44D2-9562-91D754AE40EE}.Release|Any CPU.Build.0 = Release|Any CPU
		{0B754C4E-591A-45A1-A8F5-2E071724448B}.Debug|Any CPU.ActiveCfg = Debug|Any CPU
		{0B754C4E-591A-45A1-A8F5-2E071724448B}.Debug|Any CPU.Build.0 = Debug|Any CPU
		{0B754C4E-591A-45A1-A8F5-2E071724448B}.Release|Any CPU.ActiveCfg = Release|Any CPU
		{0B754C4E-591A-45A1-A8F5-2E071724448B}.Release|Any CPU.Build.0 = Release|Any CPU
		{9197E365-D726-4B76-8D4D-ABAB4F903E2E}.Debug|Any CPU.ActiveCfg = Debug|Any CPU
		{9197E365-D726-4B76-8D4D-ABAB4F903E2E}.Debug|Any CPU.Build.0 = Debug|Any CPU
		{9197E365-D726-4B76-8D4D-ABAB4F903E2E}.Release|Any CPU.ActiveCfg = Release|Any CPU
		{9197E365-D726-4B76-8D4D-ABAB4F903E2E}.Release|Any CPU.Build.0 = Release|Any CPU
		{0C688CC4-D33D-4111-A0FF-BA58EB03B597}.Debug|Any CPU.ActiveCfg = Debug|Any CPU
		{0C688CC4-D33D-4111-A0FF-BA58EB03B597}.Debug|Any CPU.Build.0 = Debug|Any CPU
		{0C688CC4-D33D-4111-A0FF-BA58EB03B597}.Release|Any CPU.ActiveCfg = Release|Any CPU
		{0C688CC4-D33D-4111-A0FF-BA58EB03B597}.Release|Any CPU.Build.0 = Release|Any CPU
	EndGlobalSection
	GlobalSection(SolutionProperties) = preSolution
		HideSolutionNode = FALSE
	EndGlobalSection
	GlobalSection(NestedProjects) = preSolution
		{89BBA498-8F1D-4B02-88D0-D708D83BB12C} = {E5CA76F1-3864-4EA7-9BFC-3D32FE0D169A}
		{7B4B32AF-CE48-4EA9-AB56-E53DF808EC94} = {E5CA76F1-3864-4EA7-9BFC-3D32FE0D169A}
		{A9F0A135-1F2E-4888-A9D4-9A65EC5BD1BA} = {E5CA76F1-3864-4EA7-9BFC-3D32FE0D169A}
		{A8B168E7-8980-4F9F-8525-22B769D0CBF0} = {E5CA76F1-3864-4EA7-9BFC-3D32FE0D169A}
		{FD5DD212-A128-4418-BA6C-7F7D7DC05422} = {89BBA498-8F1D-4B02-88D0-D708D83BB12C}
		{FB2E739A-0A75-483D-BF06-F9FDD62718C7} = {7B4B32AF-CE48-4EA9-AB56-E53DF808EC94}
		{7B358173-BF2F-4FF4-912D-BC6BDE8B5B1F} = {7B4B32AF-CE48-4EA9-AB56-E53DF808EC94}
		{C99B07A3-C89B-48CD-8C2B-21FFEF2883E2} = {A9F0A135-1F2E-4888-A9D4-9A65EC5BD1BA}
		{9F515166-2312-496B-8965-3F3AE50A755F} = {A8B168E7-8980-4F9F-8525-22B769D0CBF0}
		{044DDA43-E9F3-4F41-8194-1DE15AA1468D} = {A8B168E7-8980-4F9F-8525-22B769D0CBF0}
		{A5894155-2508-4BC6-8700-C4E13D8DE561} = {A8B168E7-8980-4F9F-8525-22B769D0CBF0}
		{039DBF29-B740-4AE5-800C-4BBB62C3EE9A} = {FB2E739A-0A75-483D-BF06-F9FDD62718C7}
		{D304D889-E187-44C1-B801-C02D301DA53A} = {7B358173-BF2F-4FF4-912D-BC6BDE8B5B1F}
		{05BA124D-8E9C-45FB-9CA6-EAFFD2933B28} = {7B358173-BF2F-4FF4-912D-BC6BDE8B5B1F}
		{C8594498-51F0-45C9-BC5E-7291DC678882} = {7B358173-BF2F-4FF4-912D-BC6BDE8B5B1F}
		{680A5FF1-022B-4772-84EA-2AA156137853} = {FD5DD212-A128-4418-BA6C-7F7D7DC05422}
		{E717EE47-2451-4D5F-9040-3F26DB29EFB7} = {A5894155-2508-4BC6-8700-C4E13D8DE561}
		{A2A0118E-5E15-4AB4-BB6D-71EE18776038} = {9F515166-2312-496B-8965-3F3AE50A755F}
		{2711B128-5272-4012-AF6C-CD901DEB15AB} = {044DDA43-E9F3-4F41-8194-1DE15AA1468D}
		{E3A36290-55F9-4C54-B7D1-AD33222161D7} = {044DDA43-E9F3-4F41-8194-1DE15AA1468D}
		{A6BEABFF-BDC6-4076-AD30-7E0B913D78FD} = {044DDA43-E9F3-4F41-8194-1DE15AA1468D}
		{39C6A0F8-524F-4664-8110-4721E8D6DC01} = {044DDA43-E9F3-4F41-8194-1DE15AA1468D}
		{FA09737D-7385-42C8-B1E6-F1EBF29AB717} = {A8B168E7-8980-4F9F-8525-22B769D0CBF0}
		{94B8E496-2310-41CB-9A59-2CBCFFC32D7D} = {FA09737D-7385-42C8-B1E6-F1EBF29AB717}
		{B568E46D-6ADF-469D-8542-8B8CD126B9A6} = {7B4B32AF-CE48-4EA9-AB56-E53DF808EC94}
		{89EE5CCA-DF8A-4838-B005-FF0F6DBFD7B3} = {7B4B32AF-CE48-4EA9-AB56-E53DF808EC94}
		{36D578D9-0734-44D2-9562-91D754AE40EE} = {B568E46D-6ADF-469D-8542-8B8CD126B9A6}
		{0B754C4E-591A-45A1-A8F5-2E071724448B} = {89EE5CCA-DF8A-4838-B005-FF0F6DBFD7B3}
		{FAD4F1E0-4481-4047-87B0-102F2E86E8B1} = {7B4B32AF-CE48-4EA9-AB56-E53DF808EC94}
		{9197E365-D726-4B76-8D4D-ABAB4F903E2E} = {FAD4F1E0-4481-4047-87B0-102F2E86E8B1}
		{67023EFD-6DEC-4E3C-BCAD-002B3C4366DF} = {C99B07A3-C89B-48CD-8C2B-21FFEF2883E2}
		{E19BFC0D-DE5E-4791-BA7D-3B652A47E1F0} = {89B26F07-2280-4A6B-9293-4E0C6EA6D0AE}
		{0C688CC4-D33D-4111-A0FF-BA58EB03B597} = {E19BFC0D-DE5E-4791-BA7D-3B652A47E1F0}
	EndGlobalSection
	GlobalSection(ExtensibilityGlobals) = postSolution
		SolutionGuid = {D2D71C0E-1579-4380-AD76-DCC817F1DE64}
	EndGlobalSection
EndGlobal
